// !$*UTF8*$!
{
	archiveVersion = 1;
	classes = {
	};
	objectVersion = 46;
	objects = {

/* Begin PBXBuildFile section */
		CAF6E403B89959E91FF07C4C /* Pods_bunkem.framework in Frameworks */ = {isa = PBXBuildFile; fileRef = FD69FCE4C614DE0E8F56C087 /* Pods_bunkem.framework */; };
		CB103FCB1DF9413900DA032F /* whiteLeftArrow.png in Resources */ = {isa = PBXBuildFile; fileRef = CB103FCA1DF9413900DA032F /* whiteLeftArrow.png */; };
		CB31F5121DF292B800223ACA /* GeneralSettingsTableViewController.swift in Sources */ = {isa = PBXBuildFile; fileRef = CB31F5111DF292B800223ACA /* GeneralSettingsTableViewController.swift */; };
		CB31F5141DF2934600223ACA /* BKMChangeNameViewController.swift in Sources */ = {isa = PBXBuildFile; fileRef = CB31F5131DF2934600223ACA /* BKMChangeNameViewController.swift */; };
		CB3D66AE1E25EBA60031571E /* BKMMatchingService.swift in Sources */ = {isa = PBXBuildFile; fileRef = CB3D66AD1E25EBA60031571E /* BKMMatchingService.swift */; };
		CB3D66B11E25FF3F0031571E /* BKMProfileMatchedViewController.swift in Sources */ = {isa = PBXBuildFile; fileRef = CB3D66AF1E25FF3F0031571E /* BKMProfileMatchedViewController.swift */; };
		CB3D66B21E25FF3F0031571E /* BKMProfileMatchedViewController.xib in Resources */ = {isa = PBXBuildFile; fileRef = CB3D66B01E25FF3F0031571E /* BKMProfileMatchedViewController.xib */; };
		CB3D66B51E275E6E0031571E /* BKMDetailMessageViewController.swift in Sources */ = {isa = PBXBuildFile; fileRef = CB3D66B41E275E6E0031571E /* BKMDetailMessageViewController.swift */; };
		CB3E43441E12F7D4000D403E /* defaultProfileImage.jpeg in Resources */ = {isa = PBXBuildFile; fileRef = CB3E43431E12F7D4000D403E /* defaultProfileImage.jpeg */; };
		CB3EAF451E07B1CE003A01B0 /* BKMChangeProfileImageViewController.swift in Sources */ = {isa = PBXBuildFile; fileRef = CB3EAF441E07B1CE003A01B0 /* BKMChangeProfileImageViewController.swift */; };
		CB4325741E2C908D00508F46 /* BKMChangePhoneNumberViewController.swift in Sources */ = {isa = PBXBuildFile; fileRef = CB4325731E2C908D00508F46 /* BKMChangePhoneNumberViewController.swift */; };
		CB479FD11DED0DD700C73B83 /* SettingsTableViewController.swift in Sources */ = {isa = PBXBuildFile; fileRef = CB479FD01DED0DD700C73B83 /* SettingsTableViewController.swift */; };
		CB479FD51DED22FE00C73B83 /* Fabric.framework in Frameworks */ = {isa = PBXBuildFile; fileRef = CB479FD31DED22FE00C73B83 /* Fabric.framework */; };
		CB479FD61DED22FE00C73B83 /* Crashlytics.framework in Frameworks */ = {isa = PBXBuildFile; fileRef = CB479FD41DED22FE00C73B83 /* Crashlytics.framework */; };
		CB480E3D1E03BB3D006E16CD /* SFDImageUploadDownloadService.swift in Sources */ = {isa = PBXBuildFile; fileRef = CB480E3C1E03BB3D006E16CD /* SFDImageUploadDownloadService.swift */; };
		CB59748F1DF6927D00359912 /* Menu-25.png in Resources */ = {isa = PBXBuildFile; fileRef = CB59748E1DF6927D00359912 /* Menu-25.png */; };
		CB5974911DF6944700359912 /* Texts.png in Resources */ = {isa = PBXBuildFile; fileRef = CB5974901DF6944700359912 /* Texts.png */; };
		CB5974931DF6945000359912 /* Tell a Friend.png in Resources */ = {isa = PBXBuildFile; fileRef = CB5974921DF6945000359912 /* Tell a Friend.png */; };
		CB5974961DF6948100359912 /* Account Settings.png in Resources */ = {isa = PBXBuildFile; fileRef = CB5974951DF6948100359912 /* Account Settings.png */; };
		CB5974981DF6948600359912 /* About.png in Resources */ = {isa = PBXBuildFile; fileRef = CB5974971DF6948600359912 /* About.png */; };
		CB59749A1DF6999100359912 /* Back Arrow.png in Resources */ = {isa = PBXBuildFile; fileRef = CB5974991DF6999100359912 /* Back Arrow.png */; };
		CB59D3531DF376F70053A2F4 /* BKMChangeEmailViewController.swift in Sources */ = {isa = PBXBuildFile; fileRef = CB59D3521DF376F70053A2F4 /* BKMChangeEmailViewController.swift */; };
		CB59D3551DF37E890053A2F4 /* BKMChangePasswordViewController.swift in Sources */ = {isa = PBXBuildFile; fileRef = CB59D3541DF37E890053A2F4 /* BKMChangePasswordViewController.swift */; };
		CB59D3571DF3B6050053A2F4 /* BKMPrivacySettingsViewController.swift in Sources */ = {isa = PBXBuildFile; fileRef = CB59D3561DF3B6050053A2F4 /* BKMPrivacySettingsViewController.swift */; };
		CB59D3591DF3B9780053A2F4 /* BKMNotificationSettingsViewController.swift in Sources */ = {isa = PBXBuildFile; fileRef = CB59D3581DF3B9780053A2F4 /* BKMNotificationSettingsViewController.swift */; };
		CB7961801E010D8400DB18E6 /* Networking.swift in Sources */ = {isa = PBXBuildFile; fileRef = CB79617F1E010D8400DB18E6 /* Networking.swift */; };
		CB8F67211E02705F00011EED /* BKMProfileDetailViewController.swift in Sources */ = {isa = PBXBuildFile; fileRef = CB8F67201E02705F00011EED /* BKMProfileDetailViewController.swift */; };
		CB922D271DEB4F8F00FC85F6 /* Constants.swift in Sources */ = {isa = PBXBuildFile; fileRef = CB922D261DEB4F8F00FC85F6 /* Constants.swift */; };
		CB922D2A1DEB4FDD00FC85F6 /* User.swift in Sources */ = {isa = PBXBuildFile; fileRef = CB922D291DEB4FDD00FC85F6 /* User.swift */; };
		CB94FF751DE01ADE009772EA /* AppDelegate.swift in Sources */ = {isa = PBXBuildFile; fileRef = CB94FF741DE01ADE009772EA /* AppDelegate.swift */; };
		CB94FF771DE01ADE009772EA /* ViewController.swift in Sources */ = {isa = PBXBuildFile; fileRef = CB94FF761DE01ADE009772EA /* ViewController.swift */; };
		CB94FF7C1DE01ADE009772EA /* Assets.xcassets in Resources */ = {isa = PBXBuildFile; fileRef = CB94FF7B1DE01ADE009772EA /* Assets.xcassets */; };
		CB94FF7F1DE01ADE009772EA /* LaunchScreen.storyboard in Resources */ = {isa = PBXBuildFile; fileRef = CB94FF7D1DE01ADE009772EA /* LaunchScreen.storyboard */; };
		CBA3D8D71DE01DA5001DACB7 /* GoogleService-Info.plist in Resources */ = {isa = PBXBuildFile; fileRef = CBA3D8D61DE01DA5001DACB7 /* GoogleService-Info.plist */; };
		CBA3D8DE1DE03357001DACB7 /* ForgotPasswordViewController.swift in Sources */ = {isa = PBXBuildFile; fileRef = CBA3D8DD1DE03357001DACB7 /* ForgotPasswordViewController.swift */; };
		CBA3D8E01DE03568001DACB7 /* LoginViewController.swift in Sources */ = {isa = PBXBuildFile; fileRef = CBA3D8DF1DE03568001DACB7 /* LoginViewController.swift */; };
		CBA3D8E31DE0C514001DACB7 /* SignUpStepOneViewController.swift in Sources */ = {isa = PBXBuildFile; fileRef = CBA3D8E21DE0C514001DACB7 /* SignUpStepOneViewController.swift */; };
		CBA3D8E51DE0C529001DACB7 /* SignUpStepTwoViewController.swift in Sources */ = {isa = PBXBuildFile; fileRef = CBA3D8E41DE0C529001DACB7 /* SignUpStepTwoViewController.swift */; };
		CBA3D8E71DE0C535001DACB7 /* SignUpStepThreeViewController.swift in Sources */ = {isa = PBXBuildFile; fileRef = CBA3D8E61DE0C535001DACB7 /* SignUpStepThreeViewController.swift */; };
		CBA3D8E91DE0F963001DACB7 /* SignUpSecurityQuestionsViewController.swift in Sources */ = {isa = PBXBuildFile; fileRef = CBA3D8E81DE0F963001DACB7 /* SignUpSecurityQuestionsViewController.swift */; };
		CBAE21201E2DE9D900B2C371 /* BKMUpdateProfileViewController.swift in Sources */ = {isa = PBXBuildFile; fileRef = CBAE211F1E2DE9D900B2C371 /* BKMUpdateProfileViewController.swift */; };
		CBB484011E0A5B48008A90A3 /* hand swimping right.png in Resources */ = {isa = PBXBuildFile; fileRef = CBB483FF1E0A5B48008A90A3 /* hand swimping right.png */; };
		CBB484021E0A5B48008A90A3 /* hand swiping left.png in Resources */ = {isa = PBXBuildFile; fileRef = CBB484001E0A5B48008A90A3 /* hand swiping left.png */; };
		CBB484041E0A5D6F008A90A3 /* Three Dots.png in Resources */ = {isa = PBXBuildFile; fileRef = CBB484031E0A5D6F008A90A3 /* Three Dots.png */; };
		CBBA452A1E07465800CB9CC8 /* BKMMessageViewController.swift in Sources */ = {isa = PBXBuildFile; fileRef = CBBA45291E07465800CB9CC8 /* BKMMessageViewController.swift */; };
		CBBA452C1E07479300CB9CC8 /* BKMFilterTableViewController.swift in Sources */ = {isa = PBXBuildFile; fileRef = CBBA452B1E07479300CB9CC8 /* BKMFilterTableViewController.swift */; };
		CBBA45321E0748D400CB9CC8 /* housingIcon.png in Resources */ = {isa = PBXBuildFile; fileRef = CBBA452D1E0748D400CB9CC8 /* housingIcon.png */; };
		CBBA45331E0748D400CB9CC8 /* locationIcon.png in Resources */ = {isa = PBXBuildFile; fileRef = CBBA452E1E0748D400CB9CC8 /* locationIcon.png */; };
		CBBA45341E0748D400CB9CC8 /* filterIcon.png in Resources */ = {isa = PBXBuildFile; fileRef = CBBA452F1E0748D400CB9CC8 /* filterIcon.png */; };
		CBBA45351E0748D400CB9CC8 /* cancelIcon.png in Resources */ = {isa = PBXBuildFile; fileRef = CBBA45301E0748D400CB9CC8 /* cancelIcon.png */; };
		CBBA45361E0748D400CB9CC8 /* cameraIcon.png in Resources */ = {isa = PBXBuildFile; fileRef = CBBA45311E0748D400CB9CC8 /* cameraIcon.png */; };
		CBF9B3E11DFFBCFC00AA8311 /* CardView.swift in Sources */ = {isa = PBXBuildFile; fileRef = CBF9B3DF1DFFBCFC00AA8311 /* CardView.swift */; };
		CBF9B3E21DFFBCFC00AA8311 /* CardContentView.xib in Resources */ = {isa = PBXBuildFile; fileRef = CBF9B3E01DFFBCFC00AA8311 /* CardContentView.xib */; };
		CBFCEBD31DEEAD06008445C8 /* Login.storyboard in Resources */ = {isa = PBXBuildFile; fileRef = CBFCEBCF1DEEAD06008445C8 /* Login.storyboard */; };
		CBFCEBD41DEEAD06008445C8 /* Main.storyboard in Resources */ = {isa = PBXBuildFile; fileRef = CBFCEBD11DEEAD06008445C8 /* Main.storyboard */; };
/* End PBXBuildFile section */

/* Begin PBXFileReference section */
		83D6EE64514C089625A82B97 /* Pods-bunkem.debug.xcconfig */ = {isa = PBXFileReference; includeInIndex = 1; lastKnownFileType = text.xcconfig; name = "Pods-bunkem.debug.xcconfig"; path = "Pods/Target Support Files/Pods-bunkem/Pods-bunkem.debug.xcconfig"; sourceTree = "<group>"; };
		88C78B1286E78FD6BBE215FC /* Pods-bunkem.release.xcconfig */ = {isa = PBXFileReference; includeInIndex = 1; lastKnownFileType = text.xcconfig; name = "Pods-bunkem.release.xcconfig"; path = "Pods/Target Support Files/Pods-bunkem/Pods-bunkem.release.xcconfig"; sourceTree = "<group>"; };
		CB103FCA1DF9413900DA032F /* whiteLeftArrow.png */ = {isa = PBXFileReference; lastKnownFileType = image.png; path = whiteLeftArrow.png; sourceTree = "<group>"; };
		CB31F5111DF292B800223ACA /* GeneralSettingsTableViewController.swift */ = {isa = PBXFileReference; fileEncoding = 4; lastKnownFileType = sourcecode.swift; path = GeneralSettingsTableViewController.swift; sourceTree = "<group>"; };
		CB31F5131DF2934600223ACA /* BKMChangeNameViewController.swift */ = {isa = PBXFileReference; fileEncoding = 4; lastKnownFileType = sourcecode.swift; path = BKMChangeNameViewController.swift; sourceTree = "<group>"; };
		CB3D66AD1E25EBA60031571E /* BKMMatchingService.swift */ = {isa = PBXFileReference; fileEncoding = 4; lastKnownFileType = sourcecode.swift; path = BKMMatchingService.swift; sourceTree = "<group>"; };
		CB3D66AF1E25FF3F0031571E /* BKMProfileMatchedViewController.swift */ = {isa = PBXFileReference; fileEncoding = 4; lastKnownFileType = sourcecode.swift; name = BKMProfileMatchedViewController.swift; path = bunkem/Views/BKMProfileMatchedViewController.swift; sourceTree = SOURCE_ROOT; };
		CB3D66B01E25FF3F0031571E /* BKMProfileMatchedViewController.xib */ = {isa = PBXFileReference; fileEncoding = 4; lastKnownFileType = file.xib; name = BKMProfileMatchedViewController.xib; path = bunkem/Views/BKMProfileMatchedViewController.xib; sourceTree = SOURCE_ROOT; };
		CB3D66B41E275E6E0031571E /* BKMDetailMessageViewController.swift */ = {isa = PBXFileReference; fileEncoding = 4; lastKnownFileType = sourcecode.swift; path = BKMDetailMessageViewController.swift; sourceTree = "<group>"; };
		CB3E43431E12F7D4000D403E /* defaultProfileImage.jpeg */ = {isa = PBXFileReference; lastKnownFileType = image.jpeg; path = defaultProfileImage.jpeg; sourceTree = "<group>"; };
		CB3EAF441E07B1CE003A01B0 /* BKMChangeProfileImageViewController.swift */ = {isa = PBXFileReference; fileEncoding = 4; lastKnownFileType = sourcecode.swift; path = BKMChangeProfileImageViewController.swift; sourceTree = "<group>"; };
		CB4325731E2C908D00508F46 /* BKMChangePhoneNumberViewController.swift */ = {isa = PBXFileReference; fileEncoding = 4; lastKnownFileType = sourcecode.swift; path = BKMChangePhoneNumberViewController.swift; sourceTree = "<group>"; };
		CB479FD01DED0DD700C73B83 /* SettingsTableViewController.swift */ = {isa = PBXFileReference; fileEncoding = 4; lastKnownFileType = sourcecode.swift; path = SettingsTableViewController.swift; sourceTree = "<group>"; };
		CB479FD31DED22FE00C73B83 /* Fabric.framework */ = {isa = PBXFileReference; lastKnownFileType = wrapper.framework; path = Fabric.framework; sourceTree = "<group>"; };
		CB479FD41DED22FE00C73B83 /* Crashlytics.framework */ = {isa = PBXFileReference; lastKnownFileType = wrapper.framework; path = Crashlytics.framework; sourceTree = "<group>"; };
		CB480E3C1E03BB3D006E16CD /* SFDImageUploadDownloadService.swift */ = {isa = PBXFileReference; fileEncoding = 4; lastKnownFileType = sourcecode.swift; path = SFDImageUploadDownloadService.swift; sourceTree = "<group>"; };
		CB59748E1DF6927D00359912 /* Menu-25.png */ = {isa = PBXFileReference; lastKnownFileType = image.png; name = "Menu-25.png"; path = "../Menu-25.png"; sourceTree = "<group>"; };
		CB5974901DF6944700359912 /* Texts.png */ = {isa = PBXFileReference; lastKnownFileType = image.png; name = Texts.png; path = ../Texts.png; sourceTree = "<group>"; };
		CB5974921DF6945000359912 /* Tell a Friend.png */ = {isa = PBXFileReference; lastKnownFileType = image.png; name = "Tell a Friend.png"; path = "../Tell a Friend.png"; sourceTree = "<group>"; };
		CB5974951DF6948100359912 /* Account Settings.png */ = {isa = PBXFileReference; lastKnownFileType = image.png; path = "Account Settings.png"; sourceTree = "<group>"; };
		CB5974971DF6948600359912 /* About.png */ = {isa = PBXFileReference; lastKnownFileType = image.png; path = About.png; sourceTree = "<group>"; };
		CB5974991DF6999100359912 /* Back Arrow.png */ = {isa = PBXFileReference; lastKnownFileType = image.png; path = "Back Arrow.png"; sourceTree = "<group>"; };
		CB59D3521DF376F70053A2F4 /* BKMChangeEmailViewController.swift */ = {isa = PBXFileReference; fileEncoding = 4; lastKnownFileType = sourcecode.swift; path = BKMChangeEmailViewController.swift; sourceTree = "<group>"; };
		CB59D3541DF37E890053A2F4 /* BKMChangePasswordViewController.swift */ = {isa = PBXFileReference; fileEncoding = 4; lastKnownFileType = sourcecode.swift; path = BKMChangePasswordViewController.swift; sourceTree = "<group>"; };
		CB59D3561DF3B6050053A2F4 /* BKMPrivacySettingsViewController.swift */ = {isa = PBXFileReference; fileEncoding = 4; lastKnownFileType = sourcecode.swift; path = BKMPrivacySettingsViewController.swift; sourceTree = "<group>"; };
		CB59D3581DF3B9780053A2F4 /* BKMNotificationSettingsViewController.swift */ = {isa = PBXFileReference; fileEncoding = 4; lastKnownFileType = sourcecode.swift; path = BKMNotificationSettingsViewController.swift; sourceTree = "<group>"; };
		CB79617F1E010D8400DB18E6 /* Networking.swift */ = {isa = PBXFileReference; fileEncoding = 4; lastKnownFileType = sourcecode.swift; path = Networking.swift; sourceTree = "<group>"; };
		CB8F67201E02705F00011EED /* BKMProfileDetailViewController.swift */ = {isa = PBXFileReference; fileEncoding = 4; lastKnownFileType = sourcecode.swift; path = BKMProfileDetailViewController.swift; sourceTree = "<group>"; };
		CB922D261DEB4F8F00FC85F6 /* Constants.swift */ = {isa = PBXFileReference; fileEncoding = 4; lastKnownFileType = sourcecode.swift; path = Constants.swift; sourceTree = "<group>"; };
		CB922D291DEB4FDD00FC85F6 /* User.swift */ = {isa = PBXFileReference; fileEncoding = 4; lastKnownFileType = sourcecode.swift; path = User.swift; sourceTree = "<group>"; };
		CB94FF711DE01ADE009772EA /* bunkem.app */ = {isa = PBXFileReference; explicitFileType = wrapper.application; includeInIndex = 0; path = bunkem.app; sourceTree = BUILT_PRODUCTS_DIR; };
		CB94FF741DE01ADE009772EA /* AppDelegate.swift */ = {isa = PBXFileReference; lastKnownFileType = sourcecode.swift; path = AppDelegate.swift; sourceTree = "<group>"; };
		CB94FF761DE01ADE009772EA /* ViewController.swift */ = {isa = PBXFileReference; lastKnownFileType = sourcecode.swift; name = ViewController.swift; path = ../ViewController.swift; sourceTree = "<group>"; };
		CB94FF7B1DE01ADE009772EA /* Assets.xcassets */ = {isa = PBXFileReference; lastKnownFileType = folder.assetcatalog; path = Assets.xcassets; sourceTree = "<group>"; };
		CB94FF7E1DE01ADE009772EA /* Base */ = {isa = PBXFileReference; lastKnownFileType = file.storyboard; name = Base; path = Base.lproj/LaunchScreen.storyboard; sourceTree = "<group>"; };
		CB94FF801DE01ADE009772EA /* Info.plist */ = {isa = PBXFileReference; lastKnownFileType = text.plist.xml; path = Info.plist; sourceTree = "<group>"; };
		CBA3D8D61DE01DA5001DACB7 /* GoogleService-Info.plist */ = {isa = PBXFileReference; fileEncoding = 4; lastKnownFileType = text.plist.xml; path = "GoogleService-Info.plist"; sourceTree = "<group>"; };
		CBA3D8DD1DE03357001DACB7 /* ForgotPasswordViewController.swift */ = {isa = PBXFileReference; fileEncoding = 4; lastKnownFileType = sourcecode.swift; path = ForgotPasswordViewController.swift; sourceTree = "<group>"; };
		CBA3D8DF1DE03568001DACB7 /* LoginViewController.swift */ = {isa = PBXFileReference; fileEncoding = 4; lastKnownFileType = sourcecode.swift; path = LoginViewController.swift; sourceTree = "<group>"; };
		CBA3D8E21DE0C514001DACB7 /* SignUpStepOneViewController.swift */ = {isa = PBXFileReference; fileEncoding = 4; lastKnownFileType = sourcecode.swift; path = SignUpStepOneViewController.swift; sourceTree = "<group>"; };
		CBA3D8E41DE0C529001DACB7 /* SignUpStepTwoViewController.swift */ = {isa = PBXFileReference; fileEncoding = 4; lastKnownFileType = sourcecode.swift; path = SignUpStepTwoViewController.swift; sourceTree = "<group>"; };
		CBA3D8E61DE0C535001DACB7 /* SignUpStepThreeViewController.swift */ = {isa = PBXFileReference; fileEncoding = 4; lastKnownFileType = sourcecode.swift; path = SignUpStepThreeViewController.swift; sourceTree = "<group>"; };
		CBA3D8E81DE0F963001DACB7 /* SignUpSecurityQuestionsViewController.swift */ = {isa = PBXFileReference; fileEncoding = 4; lastKnownFileType = sourcecode.swift; path = SignUpSecurityQuestionsViewController.swift; sourceTree = "<group>"; };
		CBAE211F1E2DE9D900B2C371 /* BKMUpdateProfileViewController.swift */ = {isa = PBXFileReference; fileEncoding = 4; lastKnownFileType = sourcecode.swift; path = BKMUpdateProfileViewController.swift; sourceTree = "<group>"; };
		CBB483FF1E0A5B48008A90A3 /* hand swimping right.png */ = {isa = PBXFileReference; lastKnownFileType = image.png; path = "hand swimping right.png"; sourceTree = "<group>"; };
		CBB484001E0A5B48008A90A3 /* hand swiping left.png */ = {isa = PBXFileReference; lastKnownFileType = image.png; path = "hand swiping left.png"; sourceTree = "<group>"; };
		CBB484031E0A5D6F008A90A3 /* Three Dots.png */ = {isa = PBXFileReference; lastKnownFileType = image.png; path = "Three Dots.png"; sourceTree = "<group>"; };
		CBBA45291E07465800CB9CC8 /* BKMMessageViewController.swift */ = {isa = PBXFileReference; fileEncoding = 4; lastKnownFileType = sourcecode.swift; path = BKMMessageViewController.swift; sourceTree = "<group>"; };
		CBBA452B1E07479300CB9CC8 /* BKMFilterTableViewController.swift */ = {isa = PBXFileReference; fileEncoding = 4; lastKnownFileType = sourcecode.swift; path = BKMFilterTableViewController.swift; sourceTree = "<group>"; };
		CBBA452D1E0748D400CB9CC8 /* housingIcon.png */ = {isa = PBXFileReference; lastKnownFileType = image.png; path = housingIcon.png; sourceTree = "<group>"; };
		CBBA452E1E0748D400CB9CC8 /* locationIcon.png */ = {isa = PBXFileReference; lastKnownFileType = image.png; path = locationIcon.png; sourceTree = "<group>"; };
		CBBA452F1E0748D400CB9CC8 /* filterIcon.png */ = {isa = PBXFileReference; lastKnownFileType = image.png; path = filterIcon.png; sourceTree = "<group>"; };
		CBBA45301E0748D400CB9CC8 /* cancelIcon.png */ = {isa = PBXFileReference; lastKnownFileType = image.png; path = cancelIcon.png; sourceTree = "<group>"; };
		CBBA45311E0748D400CB9CC8 /* cameraIcon.png */ = {isa = PBXFileReference; lastKnownFileType = image.png; path = cameraIcon.png; sourceTree = "<group>"; };
		CBF9B3DF1DFFBCFC00AA8311 /* CardView.swift */ = {isa = PBXFileReference; fileEncoding = 4; lastKnownFileType = sourcecode.swift; path = CardView.swift; sourceTree = "<group>"; };
		CBF9B3E01DFFBCFC00AA8311 /* CardContentView.xib */ = {isa = PBXFileReference; fileEncoding = 4; lastKnownFileType = file.xib; path = CardContentView.xib; sourceTree = "<group>"; };
		CBFCEBD01DEEAD06008445C8 /* Base */ = {isa = PBXFileReference; lastKnownFileType = file.storyboard; name = Base; path = bunkem/Base.lproj/Login.storyboard; sourceTree = SOURCE_ROOT; };
		CBFCEBD21DEEAD06008445C8 /* Base */ = {isa = PBXFileReference; lastKnownFileType = file.storyboard; name = Base; path = bunkem/Base.lproj/Main.storyboard; sourceTree = SOURCE_ROOT; };
		FD69FCE4C614DE0E8F56C087 /* Pods_bunkem.framework */ = {isa = PBXFileReference; explicitFileType = wrapper.framework; includeInIndex = 0; path = Pods_bunkem.framework; sourceTree = BUILT_PRODUCTS_DIR; };
/* End PBXFileReference section */

/* Begin PBXFrameworksBuildPhase section */
		CB94FF6E1DE01ADD009772EA /* Frameworks */ = {
			isa = PBXFrameworksBuildPhase;
			buildActionMask = 2147483647;
			files = (
				CAF6E403B89959E91FF07C4C /* Pods_bunkem.framework in Frameworks */,
				CB479FD61DED22FE00C73B83 /* Crashlytics.framework in Frameworks */,
				CB479FD51DED22FE00C73B83 /* Fabric.framework in Frameworks */,
			);
			runOnlyForDeploymentPostprocessing = 0;
		};
/* End PBXFrameworksBuildPhase section */

/* Begin PBXGroup section */
		4179B8B3C46AF2991FF05A6B /* Frameworks */ = {
			isa = PBXGroup;
			children = (
				FD69FCE4C614DE0E8F56C087 /* Pods_bunkem.framework */,
			);
			name = Frameworks;
			sourceTree = "<group>";
		};
		98A2FE23C96AEBEC1E332C0D /* Pods */ = {
			isa = PBXGroup;
			children = (
				83D6EE64514C089625A82B97 /* Pods-bunkem.debug.xcconfig */,
				88C78B1286E78FD6BBE215FC /* Pods-bunkem.release.xcconfig */,
			);
			name = Pods;
			sourceTree = "<group>";
		};
		CB3D66B31E25FF540031571E /* ProfileMatched */ = {
			isa = PBXGroup;
			children = (
				CB3D66AF1E25FF3F0031571E /* BKMProfileMatchedViewController.swift */,
				CB3D66B01E25FF3F0031571E /* BKMProfileMatchedViewController.xib */,
			);
			name = ProfileMatched;
			sourceTree = "<group>";
		};
		CB479FCD1DED0CB400C73B83 /* Settings */ = {
			isa = PBXGroup;
			children = (
				CB479FD01DED0DD700C73B83 /* SettingsTableViewController.swift */,
				CB31F5111DF292B800223ACA /* GeneralSettingsTableViewController.swift */,
				CB31F5131DF2934600223ACA /* BKMChangeNameViewController.swift */,
				CB59D3521DF376F70053A2F4 /* BKMChangeEmailViewController.swift */,
				CB59D3541DF37E890053A2F4 /* BKMChangePasswordViewController.swift */,
				CB59D3561DF3B6050053A2F4 /* BKMPrivacySettingsViewController.swift */,
				CB3EAF441E07B1CE003A01B0 /* BKMChangeProfileImageViewController.swift */,
				CB59D3581DF3B9780053A2F4 /* BKMNotificationSettingsViewController.swift */,
				CB4325731E2C908D00508F46 /* BKMChangePhoneNumberViewController.swift */,
				CBAE211F1E2DE9D900B2C371 /* BKMUpdateProfileViewController.swift */,
			);
			path = Settings;
			sourceTree = "<group>";
		};
		CB480E3B1E03BAD9006E16CD /* Services */ = {
			isa = PBXGroup;
			children = (
				CB480E3C1E03BB3D006E16CD /* SFDImageUploadDownloadService.swift */,
				CB3D66AD1E25EBA60031571E /* BKMMatchingService.swift */,
			);
			name = Services;
			path = services;
			sourceTree = "<group>";
		};
		CB5974941DF6946000359912 /* Images */ = {
			isa = PBXGroup;
			children = (
				CB59748E1DF6927D00359912 /* Menu-25.png */,
				CB5974901DF6944700359912 /* Texts.png */,
				CB5974921DF6945000359912 /* Tell a Friend.png */,
				CB5974951DF6948100359912 /* Account Settings.png */,
				CB5974971DF6948600359912 /* About.png */,
				CB5974991DF6999100359912 /* Back Arrow.png */,
				CB103FCA1DF9413900DA032F /* whiteLeftArrow.png */,
				CBBA452D1E0748D400CB9CC8 /* housingIcon.png */,
				CBBA452E1E0748D400CB9CC8 /* locationIcon.png */,
				CBBA452F1E0748D400CB9CC8 /* filterIcon.png */,
				CBBA45301E0748D400CB9CC8 /* cancelIcon.png */,
				CBBA45311E0748D400CB9CC8 /* cameraIcon.png */,
				CBB483FF1E0A5B48008A90A3 /* hand swimping right.png */,
				CBB484001E0A5B48008A90A3 /* hand swiping left.png */,
				CBB484031E0A5D6F008A90A3 /* Three Dots.png */,
				CB3E43431E12F7D4000D403E /* defaultProfileImage.jpeg */,
			);
			path = Images;
			sourceTree = "<group>";
		};
		CB922D281DEB4FBB00FC85F6 /* Models */ = {
			isa = PBXGroup;
			children = (
				CB922D291DEB4FDD00FC85F6 /* User.swift */,
			);
			path = Models;
			sourceTree = "<group>";
		};
		CB94FF681DE01ADD009772EA = {
			isa = PBXGroup;
			children = (
				CB94FF731DE01ADE009772EA /* bunkem */,
				CB479FD31DED22FE00C73B83 /* Fabric.framework */,
				CB479FD41DED22FE00C73B83 /* Crashlytics.framework */,
				CB94FF721DE01ADE009772EA /* Products */,
				98A2FE23C96AEBEC1E332C0D /* Pods */,
				4179B8B3C46AF2991FF05A6B /* Frameworks */,
			);
			sourceTree = "<group>";
		};
		CB94FF721DE01ADE009772EA /* Products */ = {
			isa = PBXGroup;
			children = (
				CB94FF711DE01ADE009772EA /* bunkem.app */,
			);
			name = Products;
			sourceTree = "<group>";
		};
		CB94FF731DE01ADE009772EA /* bunkem */ = {
			isa = PBXGroup;
			children = (
				CB94FF741DE01ADE009772EA /* AppDelegate.swift */,
				CB5974941DF6946000359912 /* Images */,
				CB94FF7B1DE01ADE009772EA /* Assets.xcassets */,
				CB94FF7D1DE01ADE009772EA /* LaunchScreen.storyboard */,
				CB94FF801DE01ADE009772EA /* Info.plist */,
				CBA3D8D61DE01DA5001DACB7 /* GoogleService-Info.plist */,
				CB922D261DEB4F8F00FC85F6 /* Constants.swift */,
				CB79617F1E010D8400DB18E6 /* Networking.swift */,
				CB480E3B1E03BAD9006E16CD /* Services */,
				CB922D281DEB4FBB00FC85F6 /* Models */,
				CBA3D8DC1DE03320001DACB7 /* Controllers */,
				CBFCEBCE1DEEAC95008445C8 /* Views */,
			);
			path = bunkem;
			sourceTree = "<group>";
		};
		CBA3D8DC1DE03320001DACB7 /* Controllers */ = {
			isa = PBXGroup;
			children = (
				CB94FF761DE01ADE009772EA /* ViewController.swift */,
				CB8F67201E02705F00011EED /* BKMProfileDetailViewController.swift */,
				CBA3D8DD1DE03357001DACB7 /* ForgotPasswordViewController.swift */,
				CBBA45291E07465800CB9CC8 /* BKMMessageViewController.swift */,
				CBBA452B1E07479300CB9CC8 /* BKMFilterTableViewController.swift */,
				CB3D66B41E275E6E0031571E /* BKMDetailMessageViewController.swift */,
				CBA3D8E11DE0C4E6001DACB7 /* Sign Up */,
				CBA3D8DF1DE03568001DACB7 /* LoginViewController.swift */,
				CB479FCD1DED0CB400C73B83 /* Settings */,
			);
			path = Controllers;
			sourceTree = "<group>";
		};
		CBA3D8E11DE0C4E6001DACB7 /* Sign Up */ = {
			isa = PBXGroup;
			children = (
				CBA3D8E21DE0C514001DACB7 /* SignUpStepOneViewController.swift */,
				CBA3D8E41DE0C529001DACB7 /* SignUpStepTwoViewController.swift */,
				CBA3D8E61DE0C535001DACB7 /* SignUpStepThreeViewController.swift */,
				CBA3D8E81DE0F963001DACB7 /* SignUpSecurityQuestionsViewController.swift */,
			);
			path = "Sign Up";
			sourceTree = "<group>";
		};
		CBFCEBCE1DEEAC95008445C8 /* Views */ = {
			isa = PBXGroup;
			children = (
				CBF9B3DF1DFFBCFC00AA8311 /* CardView.swift */,
				CB3D66B31E25FF540031571E /* ProfileMatched */,
				CBF9B3E01DFFBCFC00AA8311 /* CardContentView.xib */,
				CBFCEBCF1DEEAD06008445C8 /* Login.storyboard */,
				CBFCEBD11DEEAD06008445C8 /* Main.storyboard */,
			);
			name = Views;
			path = Models;
			sourceTree = "<group>";
		};
/* End PBXGroup section */

/* Begin PBXNativeTarget section */
		CB94FF701DE01ADD009772EA /* bunkem */ = {
			isa = PBXNativeTarget;
			buildConfigurationList = CB94FF831DE01ADE009772EA /* Build configuration list for PBXNativeTarget "bunkem" */;
			buildPhases = (
				DBBE0629893648829E35990B /* [CP] Check Pods Manifest.lock */,
				CB94FF6D1DE01ADD009772EA /* Sources */,
				CB94FF6E1DE01ADD009772EA /* Frameworks */,
				CB94FF6F1DE01ADD009772EA /* Resources */,
				32CFEFA06FD2A0044753B6CC /* [CP] Embed Pods Frameworks */,
				BD2C83C56C96ADCE202ACA58 /* [CP] Copy Pods Resources */,
				CB479FD21DED229700C73B83 /* ShellScript */,
			);
			buildRules = (
			);
			dependencies = (
			);
			name = bunkem;
			productName = bunkem;
			productReference = CB94FF711DE01ADE009772EA /* bunkem.app */;
			productType = "com.apple.product-type.application";
		};
/* End PBXNativeTarget section */

/* Begin PBXProject section */
		CB94FF691DE01ADD009772EA /* Project object */ = {
			isa = PBXProject;
			attributes = {
				LastSwiftUpdateCheck = 0810;
				LastUpgradeCheck = 0820;
				ORGANIZATIONNAME = BunkEm;
				TargetAttributes = {
					CB94FF701DE01ADD009772EA = {
						CreatedOnToolsVersion = 8.1;
						DevelopmentTeam = BXX74E2NVF;
						LastSwiftMigration = 0810;
						ProvisioningStyle = Manual;
					};
				};
			};
			buildConfigurationList = CB94FF6C1DE01ADD009772EA /* Build configuration list for PBXProject "bunkem" */;
			compatibilityVersion = "Xcode 3.2";
			developmentRegion = English;
			hasScannedForEncodings = 0;
			knownRegions = (
				en,
				Base,
			);
			mainGroup = CB94FF681DE01ADD009772EA;
			productRefGroup = CB94FF721DE01ADE009772EA /* Products */;
			projectDirPath = "";
			projectRoot = "";
			targets = (
				CB94FF701DE01ADD009772EA /* bunkem */,
			);
		};
/* End PBXProject section */

/* Begin PBXResourcesBuildPhase section */
		CB94FF6F1DE01ADD009772EA /* Resources */ = {
			isa = PBXResourcesBuildPhase;
			buildActionMask = 2147483647;
			files = (
				CB59749A1DF6999100359912 /* Back Arrow.png in Resources */,
				CBBA45341E0748D400CB9CC8 /* filterIcon.png in Resources */,
				CBBA45351E0748D400CB9CC8 /* cancelIcon.png in Resources */,
				CBB484021E0A5B48008A90A3 /* hand swiping left.png in Resources */,
				CB5974961DF6948100359912 /* Account Settings.png in Resources */,
				CBF9B3E21DFFBCFC00AA8311 /* CardContentView.xib in Resources */,
				CBBA45361E0748D400CB9CC8 /* cameraIcon.png in Resources */,
				CBFCEBD31DEEAD06008445C8 /* Login.storyboard in Resources */,
				CBFCEBD41DEEAD06008445C8 /* Main.storyboard in Resources */,
				CBBA45331E0748D400CB9CC8 /* locationIcon.png in Resources */,
				CBBA45321E0748D400CB9CC8 /* housingIcon.png in Resources */,
				CB103FCB1DF9413900DA032F /* whiteLeftArrow.png in Resources */,
				CBB484011E0A5B48008A90A3 /* hand swimping right.png in Resources */,
				CB94FF7F1DE01ADE009772EA /* LaunchScreen.storyboard in Resources */,
				CB5974911DF6944700359912 /* Texts.png in Resources */,
				CB94FF7C1DE01ADE009772EA /* Assets.xcassets in Resources */,
				CBB484041E0A5D6F008A90A3 /* Three Dots.png in Resources */,
				CBA3D8D71DE01DA5001DACB7 /* GoogleService-Info.plist in Resources */,
				CB5974981DF6948600359912 /* About.png in Resources */,
				CB5974931DF6945000359912 /* Tell a Friend.png in Resources */,
				CB3D66B21E25FF3F0031571E /* BKMProfileMatchedViewController.xib in Resources */,
				CB59748F1DF6927D00359912 /* Menu-25.png in Resources */,
				CB3E43441E12F7D4000D403E /* defaultProfileImage.jpeg in Resources */,
			);
			runOnlyForDeploymentPostprocessing = 0;
		};
/* End PBXResourcesBuildPhase section */

/* Begin PBXShellScriptBuildPhase section */
		32CFEFA06FD2A0044753B6CC /* [CP] Embed Pods Frameworks */ = {
			isa = PBXShellScriptBuildPhase;
			buildActionMask = 2147483647;
			files = (
			);
			inputPaths = (
			);
			name = "[CP] Embed Pods Frameworks";
			outputPaths = (
			);
			runOnlyForDeploymentPostprocessing = 0;
			shellPath = /bin/sh;
			shellScript = "\"${SRCROOT}/Pods/Target Support Files/Pods-bunkem/Pods-bunkem-frameworks.sh\"\n";
			showEnvVarsInLog = 0;
		};
		BD2C83C56C96ADCE202ACA58 /* [CP] Copy Pods Resources */ = {
			isa = PBXShellScriptBuildPhase;
			buildActionMask = 2147483647;
			files = (
			);
			inputPaths = (
			);
			name = "[CP] Copy Pods Resources";
			outputPaths = (
			);
			runOnlyForDeploymentPostprocessing = 0;
			shellPath = /bin/sh;
			shellScript = "\"${SRCROOT}/Pods/Target Support Files/Pods-bunkem/Pods-bunkem-resources.sh\"\n";
			showEnvVarsInLog = 0;
		};
		CB479FD21DED229700C73B83 /* ShellScript */ = {
			isa = PBXShellScriptBuildPhase;
			buildActionMask = 2147483647;
			files = (
			);
			inputPaths = (
			);
			outputPaths = (
			);
			runOnlyForDeploymentPostprocessing = 0;
			shellPath = /bin/sh;
			shellScript = "./Fabric.framework/run a2a2fe014abc250b63fcd5abe5ef373ff956c657 423149388f1992b28704a9e60e7a455f91e3b645e6cd220382867a862bd8ab26";
		};
		DBBE0629893648829E35990B /* [CP] Check Pods Manifest.lock */ = {
			isa = PBXShellScriptBuildPhase;
			buildActionMask = 2147483647;
			files = (
			);
			inputPaths = (
			);
			name = "[CP] Check Pods Manifest.lock";
			outputPaths = (
			);
			runOnlyForDeploymentPostprocessing = 0;
			shellPath = /bin/sh;
			shellScript = "diff \"${PODS_ROOT}/../Podfile.lock\" \"${PODS_ROOT}/Manifest.lock\" > /dev/null\nif [ $? != 0 ] ; then\n    # print error to STDERR\n    echo \"error: The sandbox is not in sync with the Podfile.lock. Run 'pod install' or update your CocoaPods installation.\" >&2\n    exit 1\nfi\n";
			showEnvVarsInLog = 0;
		};
/* End PBXShellScriptBuildPhase section */

/* Begin PBXSourcesBuildPhase section */
		CB94FF6D1DE01ADD009772EA /* Sources */ = {
			isa = PBXSourcesBuildPhase;
			buildActionMask = 2147483647;
			files = (
				CB7961801E010D8400DB18E6 /* Networking.swift in Sources */,
				CBBA452C1E07479300CB9CC8 /* BKMFilterTableViewController.swift in Sources */,
				CBAE21201E2DE9D900B2C371 /* BKMUpdateProfileViewController.swift in Sources */,
				CBA3D8E01DE03568001DACB7 /* LoginViewController.swift in Sources */,
				CB94FF771DE01ADE009772EA /* ViewController.swift in Sources */,
				CB31F5141DF2934600223ACA /* BKMChangeNameViewController.swift in Sources */,
				CB94FF751DE01ADE009772EA /* AppDelegate.swift in Sources */,
				CB59D3591DF3B9780053A2F4 /* BKMNotificationSettingsViewController.swift in Sources */,
				CB479FD11DED0DD700C73B83 /* SettingsTableViewController.swift in Sources */,
				CB4325741E2C908D00508F46 /* BKMChangePhoneNumberViewController.swift in Sources */,
				CB3D66B51E275E6E0031571E /* BKMDetailMessageViewController.swift in Sources */,
				CBA3D8E71DE0C535001DACB7 /* SignUpStepThreeViewController.swift in Sources */,
				CB59D3551DF37E890053A2F4 /* BKMChangePasswordViewController.swift in Sources */,
				CBA3D8E51DE0C529001DACB7 /* SignUpStepTwoViewController.swift in Sources */,
				CBA3D8DE1DE03357001DACB7 /* ForgotPasswordViewController.swift in Sources */,
				CBF9B3E11DFFBCFC00AA8311 /* CardView.swift in Sources */,
				CB59D3571DF3B6050053A2F4 /* BKMPrivacySettingsViewController.swift in Sources */,
				CB480E3D1E03BB3D006E16CD /* SFDImageUploadDownloadService.swift in Sources */,
				CB3EAF451E07B1CE003A01B0 /* BKMChangeProfileImageViewController.swift in Sources */,
				CB59D3531DF376F70053A2F4 /* BKMChangeEmailViewController.swift in Sources */,
				CBA3D8E91DE0F963001DACB7 /* SignUpSecurityQuestionsViewController.swift in Sources */,
				CBA3D8E31DE0C514001DACB7 /* SignUpStepOneViewController.swift in Sources */,
				CB3D66B11E25FF3F0031571E /* BKMProfileMatchedViewController.swift in Sources */,
				CB8F67211E02705F00011EED /* BKMProfileDetailViewController.swift in Sources */,
				CB31F5121DF292B800223ACA /* GeneralSettingsTableViewController.swift in Sources */,
				CB922D2A1DEB4FDD00FC85F6 /* User.swift in Sources */,
				CB3D66AE1E25EBA60031571E /* BKMMatchingService.swift in Sources */,
				CB922D271DEB4F8F00FC85F6 /* Constants.swift in Sources */,
				CBBA452A1E07465800CB9CC8 /* BKMMessageViewController.swift in Sources */,
			);
			runOnlyForDeploymentPostprocessing = 0;
		};
/* End PBXSourcesBuildPhase section */

/* Begin PBXVariantGroup section */
		CB94FF7D1DE01ADE009772EA /* LaunchScreen.storyboard */ = {
			isa = PBXVariantGroup;
			children = (
				CB94FF7E1DE01ADE009772EA /* Base */,
			);
			name = LaunchScreen.storyboard;
			sourceTree = "<group>";
		};
		CBFCEBCF1DEEAD06008445C8 /* Login.storyboard */ = {
			isa = PBXVariantGroup;
			children = (
				CBFCEBD01DEEAD06008445C8 /* Base */,
			);
			name = Login.storyboard;
			sourceTree = "<group>";
		};
		CBFCEBD11DEEAD06008445C8 /* Main.storyboard */ = {
			isa = PBXVariantGroup;
			children = (
				CBFCEBD21DEEAD06008445C8 /* Base */,
			);
			name = Main.storyboard;
			sourceTree = "<group>";
		};
/* End PBXVariantGroup section */

/* Begin XCBuildConfiguration section */
		CB94FF811DE01ADE009772EA /* Debug */ = {
			isa = XCBuildConfiguration;
			buildSettings = {
				ALWAYS_SEARCH_USER_PATHS = NO;
				CLANG_ANALYZER_NONNULL = YES;
				CLANG_CXX_LANGUAGE_STANDARD = "gnu++0x";
				CLANG_CXX_LIBRARY = "libc++";
				CLANG_ENABLE_MODULES = YES;
				CLANG_ENABLE_OBJC_ARC = YES;
				CLANG_WARN_BOOL_CONVERSION = YES;
				CLANG_WARN_CONSTANT_CONVERSION = YES;
				CLANG_WARN_DIRECT_OBJC_ISA_USAGE = YES_ERROR;
				CLANG_WARN_DOCUMENTATION_COMMENTS = YES;
				CLANG_WARN_EMPTY_BODY = YES;
				CLANG_WARN_ENUM_CONVERSION = YES;
				CLANG_WARN_INFINITE_RECURSION = YES;
				CLANG_WARN_INT_CONVERSION = YES;
				CLANG_WARN_OBJC_ROOT_CLASS = YES_ERROR;
				CLANG_WARN_SUSPICIOUS_MOVE = YES;
				CLANG_WARN_SUSPICIOUS_MOVES = YES;
				CLANG_WARN_UNREACHABLE_CODE = YES;
				CLANG_WARN__DUPLICATE_METHOD_MATCH = YES;
				"CODE_SIGN_IDENTITY[sdk=iphoneos*]" = "iPhone Developer";
				COPY_PHASE_STRIP = NO;
				DEBUG_INFORMATION_FORMAT = dwarf;
				ENABLE_STRICT_OBJC_MSGSEND = YES;
				ENABLE_TESTABILITY = YES;
				GCC_C_LANGUAGE_STANDARD = gnu99;
				GCC_DYNAMIC_NO_PIC = NO;
				GCC_NO_COMMON_BLOCKS = YES;
				GCC_OPTIMIZATION_LEVEL = 0;
				GCC_PREPROCESSOR_DEFINITIONS = (
					"DEBUG=1",
					"$(inherited)",
				);
				GCC_WARN_64_TO_32_BIT_CONVERSION = YES;
				GCC_WARN_ABOUT_RETURN_TYPE = YES_ERROR;
				GCC_WARN_UNDECLARED_SELECTOR = YES;
				GCC_WARN_UNINITIALIZED_AUTOS = YES_AGGRESSIVE;
				GCC_WARN_UNUSED_FUNCTION = YES;
				GCC_WARN_UNUSED_VARIABLE = YES;
				IPHONEOS_DEPLOYMENT_TARGET = 9.0;
				MTL_ENABLE_DEBUG_INFO = YES;
				ONLY_ACTIVE_ARCH = YES;
				SDKROOT = iphoneos;
				SWIFT_ACTIVE_COMPILATION_CONDITIONS = DEBUG;
				SWIFT_OPTIMIZATION_LEVEL = "-Onone";
				TARGETED_DEVICE_FAMILY = "1,2";
			};
			name = Debug;
		};
		CB94FF821DE01ADE009772EA /* Release */ = {
			isa = XCBuildConfiguration;
			buildSettings = {
				ALWAYS_SEARCH_USER_PATHS = NO;
				CLANG_ANALYZER_NONNULL = YES;
				CLANG_CXX_LANGUAGE_STANDARD = "gnu++0x";
				CLANG_CXX_LIBRARY = "libc++";
				CLANG_ENABLE_MODULES = YES;
				CLANG_ENABLE_OBJC_ARC = YES;
				CLANG_WARN_BOOL_CONVERSION = YES;
				CLANG_WARN_CONSTANT_CONVERSION = YES;
				CLANG_WARN_DIRECT_OBJC_ISA_USAGE = YES_ERROR;
				CLANG_WARN_DOCUMENTATION_COMMENTS = YES;
				CLANG_WARN_EMPTY_BODY = YES;
				CLANG_WARN_ENUM_CONVERSION = YES;
				CLANG_WARN_INFINITE_RECURSION = YES;
				CLANG_WARN_INT_CONVERSION = YES;
				CLANG_WARN_OBJC_ROOT_CLASS = YES_ERROR;
				CLANG_WARN_SUSPICIOUS_MOVE = YES;
				CLANG_WARN_SUSPICIOUS_MOVES = YES;
				CLANG_WARN_UNREACHABLE_CODE = YES;
				CLANG_WARN__DUPLICATE_METHOD_MATCH = YES;
				"CODE_SIGN_IDENTITY[sdk=iphoneos*]" = "iPhone Developer";
				COPY_PHASE_STRIP = NO;
				DEBUG_INFORMATION_FORMAT = "dwarf-with-dsym";
				ENABLE_NS_ASSERTIONS = NO;
				ENABLE_STRICT_OBJC_MSGSEND = YES;
				GCC_C_LANGUAGE_STANDARD = gnu99;
				GCC_NO_COMMON_BLOCKS = YES;
				GCC_WARN_64_TO_32_BIT_CONVERSION = YES;
				GCC_WARN_ABOUT_RETURN_TYPE = YES_ERROR;
				GCC_WARN_UNDECLARED_SELECTOR = YES;
				GCC_WARN_UNINITIALIZED_AUTOS = YES_AGGRESSIVE;
				GCC_WARN_UNUSED_FUNCTION = YES;
				GCC_WARN_UNUSED_VARIABLE = YES;
				IPHONEOS_DEPLOYMENT_TARGET = 9.0;
				MTL_ENABLE_DEBUG_INFO = NO;
				SDKROOT = iphoneos;
				SWIFT_OPTIMIZATION_LEVEL = "-Owholemodule";
				TARGETED_DEVICE_FAMILY = "1,2";
				VALIDATE_PRODUCT = YES;
			};
			name = Release;
		};
		CB94FF841DE01ADE009772EA /* Debug */ = {
			isa = XCBuildConfiguration;
			baseConfigurationReference = 83D6EE64514C089625A82B97 /* Pods-bunkem.debug.xcconfig */;
			buildSettings = {
				ALWAYS_EMBED_SWIFT_STANDARD_LIBRARIES = YES;
				ASSETCATALOG_COMPILER_APPICON_NAME = AppIcon;
				DEVELOPMENT_TEAM = BXX74E2NVF;
				FRAMEWORK_SEARCH_PATHS = (
					"$(inherited)",
					"$(PROJECT_DIR)",
				);
				INFOPLIST_FILE = bunkem/Info.plist;
				IPHONEOS_DEPLOYMENT_TARGET = 9.0;
				LD_RUNPATH_SEARCH_PATHS = "$(inherited) @executable_path/Frameworks";
				PRODUCT_BUNDLE_IDENTIFIER = com.bunkem.bunkem;
				PRODUCT_NAME = "$(TARGET_NAME)";
				PROVISIONING_PROFILE = "df6b8dd4-92e4-45e4-92a3-2d0db1d41f19";
				PROVISIONING_PROFILE_SPECIFIER = "Bunk'Em Development Provisioning Profile";
				SWIFT_VERSION = 3.0;
			};
			name = Debug;
		};
		CB94FF851DE01ADE009772EA /* Release */ = {
			isa = XCBuildConfiguration;
			baseConfigurationReference = 88C78B1286E78FD6BBE215FC /* Pods-bunkem.release.xcconfig */;
			buildSettings = {
				ALWAYS_EMBED_SWIFT_STANDARD_LIBRARIES = YES;
				ASSETCATALOG_COMPILER_APPICON_NAME = AppIcon;
				DEVELOPMENT_TEAM = BXX74E2NVF;
				FRAMEWORK_SEARCH_PATHS = (
					"$(inherited)",
					"$(PROJECT_DIR)",
				);
				INFOPLIST_FILE = bunkem/Info.plist;
				IPHONEOS_DEPLOYMENT_TARGET = 9.0;
				LD_RUNPATH_SEARCH_PATHS = "$(inherited) @executable_path/Frameworks";
				PRODUCT_BUNDLE_IDENTIFIER = com.bunkem.bunkem;
				PRODUCT_NAME = "$(TARGET_NAME)";
				PROVISIONING_PROFILE = "df6b8dd4-92e4-45e4-92a3-2d0db1d41f19";
				PROVISIONING_PROFILE_SPECIFIER = "Bunk'Em Development Provisioning Profile";
				SWIFT_VERSION = 3.0;
			};
			name = Release;
		};
/* End XCBuildConfiguration section */

/* Begin XCConfigurationList section */
		CB94FF6C1DE01ADD009772EA /* Build configuration list for PBXProject "bunkem" */ = {
			isa = XCConfigurationList;
			buildConfigurations = (
				CB94FF811DE01ADE009772EA /* Debug */,
				CB94FF821DE01ADE009772EA /* Release */,
			);
			defaultConfigurationIsVisible = 0;
			defaultConfigurationName = Release;
		};
		CB94FF831DE01ADE009772EA /* Build configuration list for PBXNativeTarget "bunkem" */ = {
			isa = XCConfigurationList;
			buildConfigurations = (
				CB94FF841DE01ADE009772EA /* Debug */,
				CB94FF851DE01ADE009772EA /* Release */,
			);
			defaultConfigurationIsVisible = 0;
			defaultConfigurationName = Release;
		};
/* End XCConfigurationList section */
	};
	rootObject = CB94FF691DE01ADD009772EA /* Project object */;
}
